# THIS IS AN AUTOGENERATED FILE. DO NOT EDIT THIS FILE DIRECTLY.
# yarn lockfile v1


typescript@^4.7.0-beta:
  version "4.7.0-beta"
  resolved "https://registry.yarnpkg.com/typescript/-/typescript-4.7.0-beta.tgz#15952f24d4177479ca3d19f09436ad8c69a30563"
  integrity sha512-m+CNL8lzHyHDxYYDTI+pm5hw5/bufYVGan2bokPyJY/y9C/4W/PCWMtYZ0vV9fLXbEL57elMeoaz9Evxs8UQ+A==
